// !$*UTF8*$!
{
	archiveVersion = 1;
	classes = {
	};
	objectVersion = 50;
	objects = {

/* Begin PBXBuildFile section */
		3AB3014B7A3EC4630385A6F5 /* Pods_LoginDemoPD.framework in Frameworks */ = {isa = PBXBuildFile; fileRef = E5D3C5DAC0CF3A4E08F1A9B7 /* Pods_LoginDemoPD.framework */; };
		3F2B54733F3033F7BA5A67B0 /* Pods_LoginDemoPDTests.framework in Frameworks */ = {isa = PBXBuildFile; fileRef = 0E334AA77037E6084F96DD08 /* Pods_LoginDemoPDTests.framework */; };
		7ADD41B6D62F04906ED9FCDA /* Pods_LoginDemoPDUITests.framework in Frameworks */ = {isa = PBXBuildFile; fileRef = 8AECF4F9E9DF1800FDD35861 /* Pods_LoginDemoPDUITests.framework */; };
		8D036411225D050200255754 /* aPI.swift in Sources */ = {isa = PBXBuildFile; fileRef = 8D036410225D050200255754 /* aPI.swift */; };
		8D036412225D071F00255754 /* AWSApiGatewayBridge.h in Sources */ = {isa = PBXBuildFile; fileRef = 8D758682225CE97100436A18 /* AWSApiGatewayBridge.h */; };
		8D036413225D071F00255754 /* APICF4B1F1AResponseSchema.swift in Sources */ = {isa = PBXBuildFile; fileRef = 8D758684225CE97100436A18 /* APICF4B1F1AResponseSchema.swift */; };
		8D036414225D071F00255754 /* APICF4B1F1ARequestSchema.swift in Sources */ = {isa = PBXBuildFile; fileRef = 8D758685225CE97100436A18 /* APICF4B1F1ARequestSchema.swift */; };
		8D036415225D071F00255754 /* Bridging_Header.h in Sources */ = {isa = PBXBuildFile; fileRef = 8D758686225CE97100436A18 /* Bridging_Header.h */; };
		8D036416225D071F00255754 /* APICF4B1F1AApicfbfaClient.swift in Sources */ = {isa = PBXBuildFile; fileRef = 8D758683225CE97100436A18 /* APICF4B1F1AApicfbfaClient.swift */; };
		8D46D70C225512250017B31A /* Constants.swift in Sources */ = {isa = PBXBuildFile; fileRef = 8D46D70B225512250017B31A /* Constants.swift */; };
		8D7380A02253CA4700A3FDB3 /* awsconfiguration.json in Resources */ = {isa = PBXBuildFile; fileRef = 8D73809F2253CA4700A3FDB3 /* awsconfiguration.json */; };
		8D758687225CFA4200436A18 /* AWSApiGatewayBridge.h in Resources */ = {isa = PBXBuildFile; fileRef = 8D758682225CE97100436A18 /* AWSApiGatewayBridge.h */; };
		8D758688225CFA4200436A18 /* APICF4B1F1AApicfbfaClient.swift in Resources */ = {isa = PBXBuildFile; fileRef = 8D758683225CE97100436A18 /* APICF4B1F1AApicfbfaClient.swift */; };
		8D758689225CFA4200436A18 /* APICF4B1F1AResponseSchema.swift in Resources */ = {isa = PBXBuildFile; fileRef = 8D758684225CE97100436A18 /* APICF4B1F1AResponseSchema.swift */; };
		8D75868A225CFA4200436A18 /* APICF4B1F1ARequestSchema.swift in Resources */ = {isa = PBXBuildFile; fileRef = 8D758685225CE97100436A18 /* APICF4B1F1ARequestSchema.swift */; };
		8D75868B225CFA4200436A18 /* Bridging_Header.h in Resources */ = {isa = PBXBuildFile; fileRef = 8D758686225CE97100436A18 /* Bridging_Header.h */; };
		8DAF28AA2253BE31000A26BD /* AppDelegate.swift in Sources */ = {isa = PBXBuildFile; fileRef = 8DAF28A92253BE31000A26BD /* AppDelegate.swift */; };
		8DAF28AC2253BE31000A26BD /* ViewController.swift in Sources */ = {isa = PBXBuildFile; fileRef = 8DAF28AB2253BE31000A26BD /* ViewController.swift */; };
		8DAF28AF2253BE31000A26BD /* Main.storyboard in Resources */ = {isa = PBXBuildFile; fileRef = 8DAF28AD2253BE31000A26BD /* Main.storyboard */; };
		8DAF28B22253BE31000A26BD /* LoginDemoPD.xcdatamodeld in Sources */ = {isa = PBXBuildFile; fileRef = 8DAF28B02253BE31000A26BD /* LoginDemoPD.xcdatamodeld */; };
		8DAF28B42253BE32000A26BD /* Assets.xcassets in Resources */ = {isa = PBXBuildFile; fileRef = 8DAF28B32253BE32000A26BD /* Assets.xcassets */; };
		8DAF28B72253BE32000A26BD /* LaunchScreen.storyboard in Resources */ = {isa = PBXBuildFile; fileRef = 8DAF28B52253BE32000A26BD /* LaunchScreen.storyboard */; };
		8DAF28C22253BE33000A26BD /* LoginDemoPDTests.swift in Sources */ = {isa = PBXBuildFile; fileRef = 8DAF28C12253BE33000A26BD /* LoginDemoPDTests.swift */; };
		8DAF28CD2253BE33000A26BD /* LoginDemoPDUITests.swift in Sources */ = {isa = PBXBuildFile; fileRef = 8DAF28CC2253BE33000A26BD /* LoginDemoPDUITests.swift */; };
		8DFD266B225684D400FE0E34 /* Content.swift in Sources */ = {isa = PBXBuildFile; fileRef = 8DFD266A225684D400FE0E34 /* Content.swift */; };
/* End PBXBuildFile section */

/* Begin PBXContainerItemProxy section */
		8DAF28BE2253BE33000A26BD /* PBXContainerItemProxy */ = {
			isa = PBXContainerItemProxy;
			containerPortal = 8DAF289E2253BE31000A26BD /* Project object */;
			proxyType = 1;
			remoteGlobalIDString = 8DAF28A52253BE31000A26BD;
			remoteInfo = LoginDemoPD;
		};
		8DAF28C92253BE33000A26BD /* PBXContainerItemProxy */ = {
			isa = PBXContainerItemProxy;
			containerPortal = 8DAF289E2253BE31000A26BD /* Project object */;
			proxyType = 1;
			remoteGlobalIDString = 8DAF28A52253BE31000A26BD;
			remoteInfo = LoginDemoPD;
		};
/* End PBXContainerItemProxy section */

/* Begin PBXFileReference section */
		0E334AA77037E6084F96DD08 /* Pods_LoginDemoPDTests.framework */ = {isa = PBXFileReference; explicitFileType = wrapper.framework; includeInIndex = 0; path = Pods_LoginDemoPDTests.framework; sourceTree = BUILT_PRODUCTS_DIR; };
		2B6FCD7FB4D8812D766D23C7 /* Pods-LoginDemoPDUITests.release.xcconfig */ = {isa = PBXFileReference; includeInIndex = 1; lastKnownFileType = text.xcconfig; name = "Pods-LoginDemoPDUITests.release.xcconfig"; path = "Target Support Files/Pods-LoginDemoPDUITests/Pods-LoginDemoPDUITests.release.xcconfig"; sourceTree = "<group>"; };
		30203C48D959E2D54B480242 /* Pods-LoginDemoPDTests.release.xcconfig */ = {isa = PBXFileReference; includeInIndex = 1; lastKnownFileType = text.xcconfig; name = "Pods-LoginDemoPDTests.release.xcconfig"; path = "Target Support Files/Pods-LoginDemoPDTests/Pods-LoginDemoPDTests.release.xcconfig"; sourceTree = "<group>"; };
		8AECF4F9E9DF1800FDD35861 /* Pods_LoginDemoPDUITests.framework */ = {isa = PBXFileReference; explicitFileType = wrapper.framework; includeInIndex = 0; path = Pods_LoginDemoPDUITests.framework; sourceTree = BUILT_PRODUCTS_DIR; };
		8D036410225D050200255754 /* aPI.swift */ = {isa = PBXFileReference; lastKnownFileType = sourcecode.swift; path = aPI.swift; sourceTree = "<group>"; };
		8D46D70B225512250017B31A /* Constants.swift */ = {isa = PBXFileReference; lastKnownFileType = sourcecode.swift; path = Constants.swift; sourceTree = "<group>"; };
		8D73809F2253CA4700A3FDB3 /* awsconfiguration.json */ = {isa = PBXFileReference; fileEncoding = 4; lastKnownFileType = text.json; path = awsconfiguration.json; sourceTree = "<group>"; };
		8D758682225CE97100436A18 /* AWSApiGatewayBridge.h */ = {isa = PBXFileReference; lastKnownFileType = sourcecode.c.h; path = AWSApiGatewayBridge.h; sourceTree = "<group>"; };
		8D758683225CE97100436A18 /* APICF4B1F1AApicfbfaClient.swift */ = {isa = PBXFileReference; lastKnownFileType = sourcecode.swift; path = APICF4B1F1AApicfbfaClient.swift; sourceTree = "<group>"; };
		8D758684225CE97100436A18 /* APICF4B1F1AResponseSchema.swift */ = {isa = PBXFileReference; lastKnownFileType = sourcecode.swift; path = APICF4B1F1AResponseSchema.swift; sourceTree = "<group>"; };
		8D758685225CE97100436A18 /* APICF4B1F1ARequestSchema.swift */ = {isa = PBXFileReference; lastKnownFileType = sourcecode.swift; path = APICF4B1F1ARequestSchema.swift; sourceTree = "<group>"; };
		8D758686225CE97100436A18 /* Bridging_Header.h */ = {isa = PBXFileReference; lastKnownFileType = sourcecode.c.h; path = Bridging_Header.h; sourceTree = "<group>"; };
		8DAF28A62253BE31000A26BD /* LoginDemoPD.app */ = {isa = PBXFileReference; explicitFileType = wrapper.application; includeInIndex = 0; path = LoginDemoPD.app; sourceTree = BUILT_PRODUCTS_DIR; };
		8DAF28A92253BE31000A26BD /* AppDelegate.swift */ = {isa = PBXFileReference; lastKnownFileType = sourcecode.swift; path = AppDelegate.swift; sourceTree = "<group>"; };
		8DAF28AB2253BE31000A26BD /* ViewController.swift */ = {isa = PBXFileReference; lastKnownFileType = sourcecode.swift; path = ViewController.swift; sourceTree = "<group>"; };
		8DAF28AE2253BE31000A26BD /* Base */ = {isa = PBXFileReference; lastKnownFileType = file.storyboard; name = Base; path = Base.lproj/Main.storyboard; sourceTree = "<group>"; };
		8DAF28B12253BE31000A26BD /* LoginDemoPD.xcdatamodel */ = {isa = PBXFileReference; lastKnownFileType = wrapper.xcdatamodel; path = LoginDemoPD.xcdatamodel; sourceTree = "<group>"; };
		8DAF28B32253BE32000A26BD /* Assets.xcassets */ = {isa = PBXFileReference; lastKnownFileType = folder.assetcatalog; path = Assets.xcassets; sourceTree = "<group>"; };
		8DAF28B62253BE32000A26BD /* Base */ = {isa = PBXFileReference; lastKnownFileType = file.storyboard; name = Base; path = Base.lproj/LaunchScreen.storyboard; sourceTree = "<group>"; };
		8DAF28B82253BE32000A26BD /* Info.plist */ = {isa = PBXFileReference; lastKnownFileType = text.plist.xml; path = Info.plist; sourceTree = "<group>"; };
		8DAF28BD2253BE33000A26BD /* LoginDemoPDTests.xctest */ = {isa = PBXFileReference; explicitFileType = wrapper.cfbundle; includeInIndex = 0; path = LoginDemoPDTests.xctest; sourceTree = BUILT_PRODUCTS_DIR; };
		8DAF28C12253BE33000A26BD /* LoginDemoPDTests.swift */ = {isa = PBXFileReference; lastKnownFileType = sourcecode.swift; path = LoginDemoPDTests.swift; sourceTree = "<group>"; };
		8DAF28C32253BE33000A26BD /* Info.plist */ = {isa = PBXFileReference; lastKnownFileType = text.plist.xml; path = Info.plist; sourceTree = "<group>"; };
		8DAF28C82253BE33000A26BD /* LoginDemoPDUITests.xctest */ = {isa = PBXFileReference; explicitFileType = wrapper.cfbundle; includeInIndex = 0; path = LoginDemoPDUITests.xctest; sourceTree = BUILT_PRODUCTS_DIR; };
		8DAF28CC2253BE33000A26BD /* LoginDemoPDUITests.swift */ = {isa = PBXFileReference; lastKnownFileType = sourcecode.swift; path = LoginDemoPDUITests.swift; sourceTree = "<group>"; };
		8DAF28CE2253BE33000A26BD /* Info.plist */ = {isa = PBXFileReference; lastKnownFileType = text.plist.xml; path = Info.plist; sourceTree = "<group>"; };
		8DFD266A225684D400FE0E34 /* Content.swift */ = {isa = PBXFileReference; lastKnownFileType = sourcecode.swift; path = Content.swift; sourceTree = "<group>"; };
		9AA50D069523DB60996344CA /* Pods-LoginDemoPD.debug.xcconfig */ = {isa = PBXFileReference; includeInIndex = 1; lastKnownFileType = text.xcconfig; name = "Pods-LoginDemoPD.debug.xcconfig"; path = "Target Support Files/Pods-LoginDemoPD/Pods-LoginDemoPD.debug.xcconfig"; sourceTree = "<group>"; };
		9DE18E586DCD0319985048F1 /* Pods-LoginDemoPDTests.debug.xcconfig */ = {isa = PBXFileReference; includeInIndex = 1; lastKnownFileType = text.xcconfig; name = "Pods-LoginDemoPDTests.debug.xcconfig"; path = "Target Support Files/Pods-LoginDemoPDTests/Pods-LoginDemoPDTests.debug.xcconfig"; sourceTree = "<group>"; };
		AF766DE1FA7C670204876B7B /* Pods-LoginDemoPDUITests.debug.xcconfig */ = {isa = PBXFileReference; includeInIndex = 1; lastKnownFileType = text.xcconfig; name = "Pods-LoginDemoPDUITests.debug.xcconfig"; path = "Target Support Files/Pods-LoginDemoPDUITests/Pods-LoginDemoPDUITests.debug.xcconfig"; sourceTree = "<group>"; };
		E5D3C5DAC0CF3A4E08F1A9B7 /* Pods_LoginDemoPD.framework */ = {isa = PBXFileReference; explicitFileType = wrapper.framework; includeInIndex = 0; path = Pods_LoginDemoPD.framework; sourceTree = BUILT_PRODUCTS_DIR; };
		FC3E57EBB5BACF0265525D69 /* Pods-LoginDemoPD.release.xcconfig */ = {isa = PBXFileReference; includeInIndex = 1; lastKnownFileType = text.xcconfig; name = "Pods-LoginDemoPD.release.xcconfig"; path = "Target Support Files/Pods-LoginDemoPD/Pods-LoginDemoPD.release.xcconfig"; sourceTree = "<group>"; };
/* End PBXFileReference section */

/* Begin PBXFrameworksBuildPhase section */
		8DAF28A32253BE31000A26BD /* Frameworks */ = {
			isa = PBXFrameworksBuildPhase;
			buildActionMask = 2147483647;
			files = (
				3AB3014B7A3EC4630385A6F5 /* Pods_LoginDemoPD.framework in Frameworks */,
			);
			runOnlyForDeploymentPostprocessing = 0;
		};
		8DAF28BA2253BE33000A26BD /* Frameworks */ = {
			isa = PBXFrameworksBuildPhase;
			buildActionMask = 2147483647;
			files = (
				3F2B54733F3033F7BA5A67B0 /* Pods_LoginDemoPDTests.framework in Frameworks */,
			);
			runOnlyForDeploymentPostprocessing = 0;
		};
		8DAF28C52253BE33000A26BD /* Frameworks */ = {
			isa = PBXFrameworksBuildPhase;
			buildActionMask = 2147483647;
			files = (
				7ADD41B6D62F04906ED9FCDA /* Pods_LoginDemoPDUITests.framework in Frameworks */,
			);
			runOnlyForDeploymentPostprocessing = 0;
		};
/* End PBXFrameworksBuildPhase section */

/* Begin PBXGroup section */
		64DF45DB1BD3786B831F925C /* Pods */ = {
			isa = PBXGroup;
			children = (
				9AA50D069523DB60996344CA /* Pods-LoginDemoPD.debug.xcconfig */,
				FC3E57EBB5BACF0265525D69 /* Pods-LoginDemoPD.release.xcconfig */,
				9DE18E586DCD0319985048F1 /* Pods-LoginDemoPDTests.debug.xcconfig */,
				30203C48D959E2D54B480242 /* Pods-LoginDemoPDTests.release.xcconfig */,
				AF766DE1FA7C670204876B7B /* Pods-LoginDemoPDUITests.debug.xcconfig */,
				2B6FCD7FB4D8812D766D23C7 /* Pods-LoginDemoPDUITests.release.xcconfig */,
			);
			path = Pods;
			sourceTree = "<group>";
		};
		8D758681225CE97100436A18 /* generated-src */ = {
			isa = PBXGroup;
			children = (
				8D758682225CE97100436A18 /* AWSApiGatewayBridge.h */,
				8D758684225CE97100436A18 /* APICF4B1F1AResponseSchema.swift */,
				8D758685225CE97100436A18 /* APICF4B1F1ARequestSchema.swift */,
				8D758686225CE97100436A18 /* Bridging_Header.h */,
				8D758683225CE97100436A18 /* APICF4B1F1AApicfbfaClient.swift */,
			);
			path = "generated-src";
			sourceTree = "<group>";
		};
		8DAF289D2253BE31000A26BD = {
			isa = PBXGroup;
			children = (
				8D758681225CE97100436A18 /* generated-src */,
				8D73809F2253CA4700A3FDB3 /* awsconfiguration.json */,
				8DAF28A82253BE31000A26BD /* LoginDemoPD */,
				8DAF28C02253BE33000A26BD /* LoginDemoPDTests */,
				8DAF28CB2253BE33000A26BD /* LoginDemoPDUITests */,
				8DAF28A72253BE31000A26BD /* Products */,
				64DF45DB1BD3786B831F925C /* Pods */,
				CCD03B7BEB06946D561ED222 /* Frameworks */,
			);
			sourceTree = "<group>";
		};
		8DAF28A72253BE31000A26BD /* Products */ = {
			isa = PBXGroup;
			children = (
				8DAF28A62253BE31000A26BD /* LoginDemoPD.app */,
				8DAF28BD2253BE33000A26BD /* LoginDemoPDTests.xctest */,
				8DAF28C82253BE33000A26BD /* LoginDemoPDUITests.xctest */,
			);
			name = Products;
			sourceTree = "<group>";
		};
		8DAF28A82253BE31000A26BD /* LoginDemoPD */ = {
			isa = PBXGroup;
			children = (
				8DAF28A92253BE31000A26BD /* AppDelegate.swift */,
				8DAF28AB2253BE31000A26BD /* ViewController.swift */,
				8D036410225D050200255754 /* aPI.swift */,
				8D46D70B225512250017B31A /* Constants.swift */,
				8DFD266A225684D400FE0E34 /* Content.swift */,
				8DAF28AD2253BE31000A26BD /* Main.storyboard */,
				8DAF28B32253BE32000A26BD /* Assets.xcassets */,
				8DAF28B52253BE32000A26BD /* LaunchScreen.storyboard */,
				8DAF28B82253BE32000A26BD /* Info.plist */,
				8DAF28B02253BE31000A26BD /* LoginDemoPD.xcdatamodeld */,
			);
			path = LoginDemoPD;
			sourceTree = "<group>";
		};
		8DAF28C02253BE33000A26BD /* LoginDemoPDTests */ = {
			isa = PBXGroup;
			children = (
				8DAF28C12253BE33000A26BD /* LoginDemoPDTests.swift */,
				8DAF28C32253BE33000A26BD /* Info.plist */,
			);
			path = LoginDemoPDTests;
			sourceTree = "<group>";
		};
		8DAF28CB2253BE33000A26BD /* LoginDemoPDUITests */ = {
			isa = PBXGroup;
			children = (
				8DAF28CC2253BE33000A26BD /* LoginDemoPDUITests.swift */,
				8DAF28CE2253BE33000A26BD /* Info.plist */,
			);
			path = LoginDemoPDUITests;
			sourceTree = "<group>";
		};
		CCD03B7BEB06946D561ED222 /* Frameworks */ = {
			isa = PBXGroup;
			children = (
				E5D3C5DAC0CF3A4E08F1A9B7 /* Pods_LoginDemoPD.framework */,
				0E334AA77037E6084F96DD08 /* Pods_LoginDemoPDTests.framework */,
				8AECF4F9E9DF1800FDD35861 /* Pods_LoginDemoPDUITests.framework */,
			);
			name = Frameworks;
			sourceTree = "<group>";
		};
/* End PBXGroup section */

/* Begin PBXNativeTarget section */
		8DAF28A52253BE31000A26BD /* LoginDemoPD */ = {
			isa = PBXNativeTarget;
			buildConfigurationList = 8DAF28D12253BE33000A26BD /* Build configuration list for PBXNativeTarget "LoginDemoPD" */;
			buildPhases = (
				BCC4F4B97D680170C16B7E06 /* [CP] Check Pods Manifest.lock */,
				8DAF28A22253BE31000A26BD /* Sources */,
				8DAF28A32253BE31000A26BD /* Frameworks */,
				8DAF28A42253BE31000A26BD /* Resources */,
				944E3EEE95D8A4AC38BBFAEF /* [CP] Embed Pods Frameworks */,
			);
			buildRules = (
			);
			dependencies = (
			);
			name = LoginDemoPD;
			productName = LoginDemoPD;
			productReference = 8DAF28A62253BE31000A26BD /* LoginDemoPD.app */;
			productType = "com.apple.product-type.application";
		};
		8DAF28BC2253BE33000A26BD /* LoginDemoPDTests */ = {
			isa = PBXNativeTarget;
			buildConfigurationList = 8DAF28D42253BE33000A26BD /* Build configuration list for PBXNativeTarget "LoginDemoPDTests" */;
			buildPhases = (
				2588B06F60FE725102898D78 /* [CP] Check Pods Manifest.lock */,
				8DAF28B92253BE33000A26BD /* Sources */,
				8DAF28BA2253BE33000A26BD /* Frameworks */,
				8DAF28BB2253BE33000A26BD /* Resources */,
			);
			buildRules = (
			);
			dependencies = (
				8DAF28BF2253BE33000A26BD /* PBXTargetDependency */,
			);
			name = LoginDemoPDTests;
			productName = LoginDemoPDTests;
			productReference = 8DAF28BD2253BE33000A26BD /* LoginDemoPDTests.xctest */;
			productType = "com.apple.product-type.bundle.unit-test";
		};
		8DAF28C72253BE33000A26BD /* LoginDemoPDUITests */ = {
			isa = PBXNativeTarget;
			buildConfigurationList = 8DAF28D72253BE33000A26BD /* Build configuration list for PBXNativeTarget "LoginDemoPDUITests" */;
			buildPhases = (
				0B1575265202A3D58E60F8B7 /* [CP] Check Pods Manifest.lock */,
				8DAF28C42253BE33000A26BD /* Sources */,
				8DAF28C52253BE33000A26BD /* Frameworks */,
				8DAF28C62253BE33000A26BD /* Resources */,
			);
			buildRules = (
			);
			dependencies = (
				8DAF28CA2253BE33000A26BD /* PBXTargetDependency */,
			);
			name = LoginDemoPDUITests;
			productName = LoginDemoPDUITests;
			productReference = 8DAF28C82253BE33000A26BD /* LoginDemoPDUITests.xctest */;
			productType = "com.apple.product-type.bundle.ui-testing";
		};
/* End PBXNativeTarget section */

/* Begin PBXProject section */
		8DAF289E2253BE31000A26BD /* Project object */ = {
			isa = PBXProject;
			attributes = {
				LastSwiftUpdateCheck = 1010;
				LastUpgradeCheck = 1010;
				ORGANIZATIONNAME = "Hugo Juárez";
				TargetAttributes = {
					8DAF28A52253BE31000A26BD = {
						CreatedOnToolsVersion = 10.1;
					};
					8DAF28BC2253BE33000A26BD = {
						CreatedOnToolsVersion = 10.1;
						TestTargetID = 8DAF28A52253BE31000A26BD;
					};
					8DAF28C72253BE33000A26BD = {
						CreatedOnToolsVersion = 10.1;
						TestTargetID = 8DAF28A52253BE31000A26BD;
					};
				};
			};
			buildConfigurationList = 8DAF28A12253BE31000A26BD /* Build configuration list for PBXProject "LoginDemoPD" */;
			compatibilityVersion = "Xcode 9.3";
			developmentRegion = en;
			hasScannedForEncodings = 0;
			knownRegions = (
				en,
				Base,
			);
			mainGroup = 8DAF289D2253BE31000A26BD;
			productRefGroup = 8DAF28A72253BE31000A26BD /* Products */;
			projectDirPath = "";
			projectRoot = "";
			targets = (
				8DAF28A52253BE31000A26BD /* LoginDemoPD */,
				8DAF28BC2253BE33000A26BD /* LoginDemoPDTests */,
				8DAF28C72253BE33000A26BD /* LoginDemoPDUITests */,
			);
		};
/* End PBXProject section */

/* Begin PBXResourcesBuildPhase section */
		8DAF28A42253BE31000A26BD /* Resources */ = {
			isa = PBXResourcesBuildPhase;
			buildActionMask = 2147483647;
			files = (
				8D758687225CFA4200436A18 /* AWSApiGatewayBridge.h in Resources */,
				8D758688225CFA4200436A18 /* APICF4B1F1AApicfbfaClient.swift in Resources */,
				8D758689225CFA4200436A18 /* APICF4B1F1AResponseSchema.swift in Resources */,
				8D75868A225CFA4200436A18 /* APICF4B1F1ARequestSchema.swift in Resources */,
				8D75868B225CFA4200436A18 /* Bridging_Header.h in Resources */,
				8D7380A02253CA4700A3FDB3 /* awsconfiguration.json in Resources */,
				8DAF28B72253BE32000A26BD /* LaunchScreen.storyboard in Resources */,
				8DAF28B42253BE32000A26BD /* Assets.xcassets in Resources */,
				8DAF28AF2253BE31000A26BD /* Main.storyboard in Resources */,
			);
			runOnlyForDeploymentPostprocessing = 0;
		};
		8DAF28BB2253BE33000A26BD /* Resources */ = {
			isa = PBXResourcesBuildPhase;
			buildActionMask = 2147483647;
			files = (
			);
			runOnlyForDeploymentPostprocessing = 0;
		};
		8DAF28C62253BE33000A26BD /* Resources */ = {
			isa = PBXResourcesBuildPhase;
			buildActionMask = 2147483647;
			files = (
			);
			runOnlyForDeploymentPostprocessing = 0;
		};
/* End PBXResourcesBuildPhase section */

/* Begin PBXShellScriptBuildPhase section */
		0B1575265202A3D58E60F8B7 /* [CP] Check Pods Manifest.lock */ = {
			isa = PBXShellScriptBuildPhase;
			buildActionMask = 2147483647;
			files = (
			);
			inputFileListPaths = (
			);
			inputPaths = (
				"${PODS_PODFILE_DIR_PATH}/Podfile.lock",
				"${PODS_ROOT}/Manifest.lock",
			);
			name = "[CP] Check Pods Manifest.lock";
			outputFileListPaths = (
			);
			outputPaths = (
				"$(DERIVED_FILE_DIR)/Pods-LoginDemoPDUITests-checkManifestLockResult.txt",
			);
			runOnlyForDeploymentPostprocessing = 0;
			shellPath = /bin/sh;
			shellScript = "diff \"${PODS_PODFILE_DIR_PATH}/Podfile.lock\" \"${PODS_ROOT}/Manifest.lock\" > /dev/null\nif [ $? != 0 ] ; then\n    # print error to STDERR\n    echo \"error: The sandbox is not in sync with the Podfile.lock. Run 'pod install' or update your CocoaPods installation.\" >&2\n    exit 1\nfi\n# This output is used by Xcode 'outputs' to avoid re-running this script phase.\necho \"SUCCESS\" > \"${SCRIPT_OUTPUT_FILE_0}\"\n";
			showEnvVarsInLog = 0;
		};
		2588B06F60FE725102898D78 /* [CP] Check Pods Manifest.lock */ = {
			isa = PBXShellScriptBuildPhase;
			buildActionMask = 2147483647;
			files = (
			);
			inputFileListPaths = (
			);
			inputPaths = (
				"${PODS_PODFILE_DIR_PATH}/Podfile.lock",
				"${PODS_ROOT}/Manifest.lock",
			);
			name = "[CP] Check Pods Manifest.lock";
			outputFileListPaths = (
			);
			outputPaths = (
				"$(DERIVED_FILE_DIR)/Pods-LoginDemoPDTests-checkManifestLockResult.txt",
			);
			runOnlyForDeploymentPostprocessing = 0;
			shellPath = /bin/sh;
			shellScript = "diff \"${PODS_PODFILE_DIR_PATH}/Podfile.lock\" \"${PODS_ROOT}/Manifest.lock\" > /dev/null\nif [ $? != 0 ] ; then\n    # print error to STDERR\n    echo \"error: The sandbox is not in sync with the Podfile.lock. Run 'pod install' or update your CocoaPods installation.\" >&2\n    exit 1\nfi\n# This output is used by Xcode 'outputs' to avoid re-running this script phase.\necho \"SUCCESS\" > \"${SCRIPT_OUTPUT_FILE_0}\"\n";
			showEnvVarsInLog = 0;
		};
		944E3EEE95D8A4AC38BBFAEF /* [CP] Embed Pods Frameworks */ = {
			isa = PBXShellScriptBuildPhase;
			buildActionMask = 2147483647;
			files = (
			);
			inputFileListPaths = (
			);
			inputPaths = (
				"${PODS_ROOT}/Target Support Files/Pods-LoginDemoPD/Pods-LoginDemoPD-frameworks.sh",
				"${BUILT_PRODUCTS_DIR}/AWSAPIGateway/AWSAPIGateway.framework",
				"${BUILT_PRODUCTS_DIR}/AWSAuthCore/AWSAuthCore.framework",
				"${BUILT_PRODUCTS_DIR}/AWSAuthUI/AWSAuthUI.framework",
				"${BUILT_PRODUCTS_DIR}/AWSCognitoIdentityProvider/AWSCognitoIdentityProvider.framework",
				"${BUILT_PRODUCTS_DIR}/AWSCognitoIdentityProviderASF/AWSCognitoIdentityProviderASF.framework",
				"${BUILT_PRODUCTS_DIR}/AWSCore/AWSCore.framework",
				"${BUILT_PRODUCTS_DIR}/AWSMobileClient/AWSMobileClient.framework",
				"${BUILT_PRODUCTS_DIR}/AWSUserPoolsSignIn/AWSUserPoolsSignIn.framework",
			);
			name = "[CP] Embed Pods Frameworks";
			outputFileListPaths = (
			);
			outputPaths = (
				"${TARGET_BUILD_DIR}/${FRAMEWORKS_FOLDER_PATH}/AWSAPIGateway.framework",
				"${TARGET_BUILD_DIR}/${FRAMEWORKS_FOLDER_PATH}/AWSAuthCore.framework",
				"${TARGET_BUILD_DIR}/${FRAMEWORKS_FOLDER_PATH}/AWSAuthUI.framework",
				"${TARGET_BUILD_DIR}/${FRAMEWORKS_FOLDER_PATH}/AWSCognitoIdentityProvider.framework",
				"${TARGET_BUILD_DIR}/${FRAMEWORKS_FOLDER_PATH}/AWSCognitoIdentityProviderASF.framework",
				"${TARGET_BUILD_DIR}/${FRAMEWORKS_FOLDER_PATH}/AWSCore.framework",
				"${TARGET_BUILD_DIR}/${FRAMEWORKS_FOLDER_PATH}/AWSMobileClient.framework",
				"${TARGET_BUILD_DIR}/${FRAMEWORKS_FOLDER_PATH}/AWSUserPoolsSignIn.framework",
			);
			runOnlyForDeploymentPostprocessing = 0;
			shellPath = /bin/sh;
			shellScript = "\"${PODS_ROOT}/Target Support Files/Pods-LoginDemoPD/Pods-LoginDemoPD-frameworks.sh\"\n";
			showEnvVarsInLog = 0;
		};
		BCC4F4B97D680170C16B7E06 /* [CP] Check Pods Manifest.lock */ = {
			isa = PBXShellScriptBuildPhase;
			buildActionMask = 2147483647;
			files = (
			);
			inputFileListPaths = (
			);
			inputPaths = (
				"${PODS_PODFILE_DIR_PATH}/Podfile.lock",
				"${PODS_ROOT}/Manifest.lock",
			);
			name = "[CP] Check Pods Manifest.lock";
			outputFileListPaths = (
			);
			outputPaths = (
				"$(DERIVED_FILE_DIR)/Pods-LoginDemoPD-checkManifestLockResult.txt",
			);
			runOnlyForDeploymentPostprocessing = 0;
			shellPath = /bin/sh;
			shellScript = "diff \"${PODS_PODFILE_DIR_PATH}/Podfile.lock\" \"${PODS_ROOT}/Manifest.lock\" > /dev/null\nif [ $? != 0 ] ; then\n    # print error to STDERR\n    echo \"error: The sandbox is not in sync with the Podfile.lock. Run 'pod install' or update your CocoaPods installation.\" >&2\n    exit 1\nfi\n# This output is used by Xcode 'outputs' to avoid re-running this script phase.\necho \"SUCCESS\" > \"${SCRIPT_OUTPUT_FILE_0}\"\n";
			showEnvVarsInLog = 0;
		};
/* End PBXShellScriptBuildPhase section */

/* Begin PBXSourcesBuildPhase section */
		8DAF28A22253BE31000A26BD /* Sources */ = {
			isa = PBXSourcesBuildPhase;
			buildActionMask = 2147483647;
			files = (
				8D036412225D071F00255754 /* AWSApiGatewayBridge.h in Sources */,
				8D036413225D071F00255754 /* APICF4B1F1AResponseSchema.swift in Sources */,
				8D036414225D071F00255754 /* APICF4B1F1ARequestSchema.swift in Sources */,
				8D036415225D071F00255754 /* Bridging_Header.h in Sources */,
				8D036416225D071F00255754 /* APICF4B1F1AApicfbfaClient.swift in Sources */,
				8DAF28AC2253BE31000A26BD /* ViewController.swift in Sources */,
				8DAF28B22253BE31000A26BD /* LoginDemoPD.xcdatamodeld in Sources */,
				8D036411225D050200255754 /* aPI.swift in Sources */,
				8DAF28AA2253BE31000A26BD /* AppDelegate.swift in Sources */,
				8DFD266B225684D400FE0E34 /* Content.swift in Sources */,
				8D46D70C225512250017B31A /* Constants.swift in Sources */,
			);
			runOnlyForDeploymentPostprocessing = 0;
		};
		8DAF28B92253BE33000A26BD /* Sources */ = {
			isa = PBXSourcesBuildPhase;
			buildActionMask = 2147483647;
			files = (
				8DAF28C22253BE33000A26BD /* LoginDemoPDTests.swift in Sources */,
			);
			runOnlyForDeploymentPostprocessing = 0;
		};
		8DAF28C42253BE33000A26BD /* Sources */ = {
			isa = PBXSourcesBuildPhase;
			buildActionMask = 2147483647;
			files = (
				8DAF28CD2253BE33000A26BD /* LoginDemoPDUITests.swift in Sources */,
			);
			runOnlyForDeploymentPostprocessing = 0;
		};
/* End PBXSourcesBuildPhase section */

/* Begin PBXTargetDependency section */
		8DAF28BF2253BE33000A26BD /* PBXTargetDependency */ = {
			isa = PBXTargetDependency;
			target = 8DAF28A52253BE31000A26BD /* LoginDemoPD */;
			targetProxy = 8DAF28BE2253BE33000A26BD /* PBXContainerItemProxy */;
		};
		8DAF28CA2253BE33000A26BD /* PBXTargetDependency */ = {
			isa = PBXTargetDependency;
			target = 8DAF28A52253BE31000A26BD /* LoginDemoPD */;
			targetProxy = 8DAF28C92253BE33000A26BD /* PBXContainerItemProxy */;
		};
/* End PBXTargetDependency section */

/* Begin PBXVariantGroup section */
		8DAF28AD2253BE31000A26BD /* Main.storyboard */ = {
			isa = PBXVariantGroup;
			children = (
				8DAF28AE2253BE31000A26BD /* Base */,
			);
			name = Main.storyboard;
			sourceTree = "<group>";
		};
		8DAF28B52253BE32000A26BD /* LaunchScreen.storyboard */ = {
			isa = PBXVariantGroup;
			children = (
				8DAF28B62253BE32000A26BD /* Base */,
			);
			name = LaunchScreen.storyboard;
			sourceTree = "<group>";
		};
/* End PBXVariantGroup section */

/* Begin XCBuildConfiguration section */
		8DAF28CF2253BE33000A26BD /* Debug */ = {
			isa = XCBuildConfiguration;
			buildSettings = {
				ALWAYS_SEARCH_USER_PATHS = NO;
				CLANG_ANALYZER_NONNULL = YES;
				CLANG_ANALYZER_NUMBER_OBJECT_CONVERSION = YES_AGGRESSIVE;
				CLANG_CXX_LANGUAGE_STANDARD = "gnu++14";
				CLANG_CXX_LIBRARY = "libc++";
				CLANG_ENABLE_MODULES = YES;
				CLANG_ENABLE_OBJC_ARC = YES;
				CLANG_ENABLE_OBJC_WEAK = YES;
				CLANG_WARN_BLOCK_CAPTURE_AUTORELEASING = YES;
				CLANG_WARN_BOOL_CONVERSION = YES;
				CLANG_WARN_COMMA = YES;
				CLANG_WARN_CONSTANT_CONVERSION = YES;
				CLANG_WARN_DEPRECATED_OBJC_IMPLEMENTATIONS = YES;
				CLANG_WARN_DIRECT_OBJC_ISA_USAGE = YES_ERROR;
				CLANG_WARN_DOCUMENTATION_COMMENTS = YES;
				CLANG_WARN_EMPTY_BODY = YES;
				CLANG_WARN_ENUM_CONVERSION = YES;
				CLANG_WARN_INFINITE_RECURSION = YES;
				CLANG_WARN_INT_CONVERSION = YES;
				CLANG_WARN_NON_LITERAL_NULL_CONVERSION = YES;
				CLANG_WARN_OBJC_IMPLICIT_RETAIN_SELF = YES;
				CLANG_WARN_OBJC_LITERAL_CONVERSION = YES;
				CLANG_WARN_OBJC_ROOT_CLASS = YES_ERROR;
				CLANG_WARN_RANGE_LOOP_ANALYSIS = YES;
				CLANG_WARN_STRICT_PROTOTYPES = YES;
				CLANG_WARN_SUSPICIOUS_MOVE = YES;
				CLANG_WARN_UNGUARDED_AVAILABILITY = YES_AGGRESSIVE;
				CLANG_WARN_UNREACHABLE_CODE = YES;
				CLANG_WARN__DUPLICATE_METHOD_MATCH = YES;
				CODE_SIGN_IDENTITY = "iPhone Developer";
				COPY_PHASE_STRIP = NO;
				DEBUG_INFORMATION_FORMAT = dwarf;
				ENABLE_STRICT_OBJC_MSGSEND = YES;
				ENABLE_TESTABILITY = YES;
				GCC_C_LANGUAGE_STANDARD = gnu11;
				GCC_DYNAMIC_NO_PIC = NO;
				GCC_NO_COMMON_BLOCKS = YES;
				GCC_OPTIMIZATION_LEVEL = 0;
				GCC_PREPROCESSOR_DEFINITIONS = (
					"DEBUG=1",
					"$(inherited)",
				);
				GCC_WARN_64_TO_32_BIT_CONVERSION = YES;
				GCC_WARN_ABOUT_RETURN_TYPE = YES_ERROR;
				GCC_WARN_UNDECLARED_SELECTOR = YES;
				GCC_WARN_UNINITIALIZED_AUTOS = YES_AGGRESSIVE;
				GCC_WARN_UNUSED_FUNCTION = YES;
				GCC_WARN_UNUSED_VARIABLE = YES;
				IPHONEOS_DEPLOYMENT_TARGET = 12.1;
				MTL_ENABLE_DEBUG_INFO = INCLUDE_SOURCE;
				MTL_FAST_MATH = YES;
				ONLY_ACTIVE_ARCH = YES;
				SDKROOT = iphoneos;
				SWIFT_ACTIVE_COMPILATION_CONDITIONS = DEBUG;
				SWIFT_OPTIMIZATION_LEVEL = "-Onone";
			};
			name = Debug;
		};
		8DAF28D02253BE33000A26BD /* Release */ = {
			isa = XCBuildConfiguration;
			buildSettings = {
				ALWAYS_SEARCH_USER_PATHS = NO;
				CLANG_ANALYZER_NONNULL = YES;
				CLANG_ANALYZER_NUMBER_OBJECT_CONVERSION = YES_AGGRESSIVE;
				CLANG_CXX_LANGUAGE_STANDARD = "gnu++14";
				CLANG_CXX_LIBRARY = "libc++";
				CLANG_ENABLE_MODULES = YES;
				CLANG_ENABLE_OBJC_ARC = YES;
				CLANG_ENABLE_OBJC_WEAK = YES;
				CLANG_WARN_BLOCK_CAPTURE_AUTORELEASING = YES;
				CLANG_WARN_BOOL_CONVERSION = YES;
				CLANG_WARN_COMMA = YES;
				CLANG_WARN_CONSTANT_CONVERSION = YES;
				CLANG_WARN_DEPRECATED_OBJC_IMPLEMENTATIONS = YES;
				CLANG_WARN_DIRECT_OBJC_ISA_USAGE = YES_ERROR;
				CLANG_WARN_DOCUMENTATION_COMMENTS = YES;
				CLANG_WARN_EMPTY_BODY = YES;
				CLANG_WARN_ENUM_CONVERSION = YES;
				CLANG_WARN_INFINITE_RECURSION = YES;
				CLANG_WARN_INT_CONVERSION = YES;
				CLANG_WARN_NON_LITERAL_NULL_CONVERSION = YES;
				CLANG_WARN_OBJC_IMPLICIT_RETAIN_SELF = YES;
				CLANG_WARN_OBJC_LITERAL_CONVERSION = YES;
				CLANG_WARN_OBJC_ROOT_CLASS = YES_ERROR;
				CLANG_WARN_RANGE_LOOP_ANALYSIS = YES;
				CLANG_WARN_STRICT_PROTOTYPES = YES;
				CLANG_WARN_SUSPICIOUS_MOVE = YES;
				CLANG_WARN_UNGUARDED_AVAILABILITY = YES_AGGRESSIVE;
				CLANG_WARN_UNREACHABLE_CODE = YES;
				CLANG_WARN__DUPLICATE_METHOD_MATCH = YES;
				CODE_SIGN_IDENTITY = "iPhone Developer";
				COPY_PHASE_STRIP = NO;
				DEBUG_INFORMATION_FORMAT = "dwarf-with-dsym";
				ENABLE_NS_ASSERTIONS = NO;
				ENABLE_STRICT_OBJC_MSGSEND = YES;
				GCC_C_LANGUAGE_STANDARD = gnu11;
				GCC_NO_COMMON_BLOCKS = YES;
				GCC_WARN_64_TO_32_BIT_CONVERSION = YES;
				GCC_WARN_ABOUT_RETURN_TYPE = YES_ERROR;
				GCC_WARN_UNDECLARED_SELECTOR = YES;
				GCC_WARN_UNINITIALIZED_AUTOS = YES_AGGRESSIVE;
				GCC_WARN_UNUSED_FUNCTION = YES;
				GCC_WARN_UNUSED_VARIABLE = YES;
				IPHONEOS_DEPLOYMENT_TARGET = 12.1;
				MTL_ENABLE_DEBUG_INFO = NO;
				MTL_FAST_MATH = YES;
				SDKROOT = iphoneos;
				SWIFT_COMPILATION_MODE = wholemodule;
				SWIFT_OPTIMIZATION_LEVEL = "-O";
				VALIDATE_PRODUCT = YES;
			};
			name = Release;
		};
		8DAF28D22253BE33000A26BD /* Debug */ = {
			isa = XCBuildConfiguration;
			baseConfigurationReference = 9AA50D069523DB60996344CA /* Pods-LoginDemoPD.debug.xcconfig */;
			buildSettings = {
				ASSETCATALOG_COMPILER_APPICON_NAME = AppIcon;
				CODE_SIGN_STYLE = Automatic;
				DEVELOPMENT_TEAM = V4JL8V386F;
				INFOPLIST_FILE = LoginDemoPD/Info.plist;
				LD_RUNPATH_SEARCH_PATHS = (
					"$(inherited)",
					"@executable_path/Frameworks",
				);
				PRODUCT_BUNDLE_IDENTIFIER = tsmx.LoginDemoPD;
				PRODUCT_NAME = "$(TARGET_NAME)";
				SWIFT_OBJC_BRIDGING_HEADER = "generated-src/Bridging_Header.h";
				"SWIFT_OBJC_BRIDGING_HEADER[arch=*]" = "generated-src/Bridging_Header.h";
				SWIFT_VERSION = 4.2;
				TARGETED_DEVICE_FAMILY = "1,2";
			};
			name = Debug;
		};
		8DAF28D32253BE33000A26BD /* Release */ = {
			isa = XCBuildConfiguration;
			baseConfigurationReference = FC3E57EBB5BACF0265525D69 /* Pods-LoginDemoPD.release.xcconfig */;
			buildSettings = {
				ASSETCATALOG_COMPILER_APPICON_NAME = AppIcon;
				CODE_SIGN_STYLE = Automatic;
				DEVELOPMENT_TEAM = V4JL8V386F;
				INFOPLIST_FILE = LoginDemoPD/Info.plist;
				LD_RUNPATH_SEARCH_PATHS = (
					"$(inherited)",
					"@executable_path/Frameworks",
				);
				PRODUCT_BUNDLE_IDENTIFIER = tsmx.LoginDemoPD;
				PRODUCT_NAME = "$(TARGET_NAME)";
				SWIFT_OBJC_BRIDGING_HEADER = "generated-src/Bridging_Header.h";
				SWIFT_VERSION = 4.2;
				TARGETED_DEVICE_FAMILY = "1,2";
			};
			name = Release;
		};
		8DAF28D52253BE33000A26BD /* Debug */ = {
			isa = XCBuildConfiguration;
			baseConfigurationReference = 9DE18E586DCD0319985048F1 /* Pods-LoginDemoPDTests.debug.xcconfig */;
			buildSettings = {
				ALWAYS_EMBED_SWIFT_STANDARD_LIBRARIES = YES;
				BUNDLE_LOADER = "$(TEST_HOST)";
				CODE_SIGN_STYLE = Automatic;
				DEVELOPMENT_TEAM = V4JL8V386F;
				INFOPLIST_FILE = LoginDemoPDTests/Info.plist;
				LD_RUNPATH_SEARCH_PATHS = (
					"$(inherited)",
					"@executable_path/Frameworks",
					"@loader_path/Frameworks",
				);
				PRODUCT_BUNDLE_IDENTIFIER = tsmx.LoginDemoPDTests;
				PRODUCT_NAME = "$(TARGET_NAME)";
				SWIFT_VERSION = 4.2;
				TARGETED_DEVICE_FAMILY = "1,2";
				TEST_HOST = "$(BUILT_PRODUCTS_DIR)/LoginDemoPD.app/LoginDemoPD";
			};
			name = Debug;
		};
		8DAF28D62253BE33000A26BD /* Release */ = {
			isa = XCBuildConfiguration;
			baseConfigurationReference = 30203C48D959E2D54B480242 /* Pods-LoginDemoPDTests.release.xcconfig */;
			buildSettings = {
				ALWAYS_EMBED_SWIFT_STANDARD_LIBRARIES = YES;
				BUNDLE_LOADER = "$(TEST_HOST)";
				CODE_SIGN_STYLE = Automatic;
				DEVELOPMENT_TEAM = V4JL8V386F;
				INFOPLIST_FILE = LoginDemoPDTests/Info.plist;
				LD_RUNPATH_SEARCH_PATHS = (
					"$(inherited)",
					"@executable_path/Frameworks",
					"@loader_path/Frameworks",
				);
				PRODUCT_BUNDLE_IDENTIFIER = tsmx.LoginDemoPDTests;
				PRODUCT_NAME = "$(TARGET_NAME)";
				SWIFT_VERSION = 4.2;
				TARGETED_DEVICE_FAMILY = "1,2";
				TEST_HOST = "$(BUILT_PRODUCTS_DIR)/LoginDemoPD.app/LoginDemoPD";
			};
			name = Release;
		};
		8DAF28D82253BE33000A26BD /* Debug */ = {
			isa = XCBuildConfiguration;
			baseConfigurationReference = AF766DE1FA7C670204876B7B /* Pods-LoginDemoPDUITests.debug.xcconfig */;
			buildSettings = {
				ALWAYS_EMBED_SWIFT_STANDARD_LIBRARIES = YES;
				CODE_SIGN_STYLE = Automatic;
				DEVELOPMENT_TEAM = V4JL8V386F;
				INFOPLIST_FILE = LoginDemoPDUITests/Info.plist;
				LD_RUNPATH_SEARCH_PATHS = (
					"$(inherited)",
					"@executable_path/Frameworks",
					"@loader_path/Frameworks",
				);
				PRODUCT_BUNDLE_IDENTIFIER = tsmx.LoginDemoPDUITests;
				PRODUCT_NAME = "$(TARGET_NAME)";
				SWIFT_VERSION = 4.2;
				TARGETED_DEVICE_FAMILY = "1,2";
				TEST_TARGET_NAME = LoginDemoPD;
			};
			name = Debug;
		};
		8DAF28D92253BE33000A26BD /* Release */ = {
			isa = XCBuildConfiguration;
			baseConfigurationReference = 2B6FCD7FB4D8812D766D23C7 /* Pods-LoginDemoPDUITests.release.xcconfig */;
			buildSettings = {
				ALWAYS_EMBED_SWIFT_STANDARD_LIBRARIES = YES;
				CODE_SIGN_STYLE = Automatic;
				DEVELOPMENT_TEAM = V4JL8V386F;
				INFOPLIST_FILE = LoginDemoPDUITests/Info.plist;
				LD_RUNPATH_SEARCH_PATHS = (
					"$(inherited)",
					"@executable_path/Frameworks",
					"@loader_path/Frameworks",
				);
				PRODUCT_BUNDLE_IDENTIFIER = tsmx.LoginDemoPDUITests;
				PRODUCT_NAME = "$(TARGET_NAME)";
				SWIFT_VERSION = 4.2;
				TARGETED_DEVICE_FAMILY = "1,2";
				TEST_TARGET_NAME = LoginDemoPD;
			};
			name = Release;
		};
/* End XCBuildConfiguration section */

/* Begin XCConfigurationList section */
		8DAF28A12253BE31000A26BD /* Build configuration list for PBXProject "LoginDemoPD" */ = {
			isa = XCConfigurationList;
			buildConfigurations = (
				8DAF28CF2253BE33000A26BD /* Debug */,
				8DAF28D02253BE33000A26BD /* Release */,
			);
			defaultConfigurationIsVisible = 0;
			defaultConfigurationName = Release;
		};
		8DAF28D12253BE33000A26BD /* Build configuration list for PBXNativeTarget "LoginDemoPD" */ = {
			isa = XCConfigurationList;
			buildConfigurations = (
				8DAF28D22253BE33000A26BD /* Debug */,
				8DAF28D32253BE33000A26BD /* Release */,
			);
			defaultConfigurationIsVisible = 0;
			defaultConfigurationName = Release;
		};
		8DAF28D42253BE33000A26BD /* Build configuration list for PBXNativeTarget "LoginDemoPDTests" */ = {
			isa = XCConfigurationList;
			buildConfigurations = (
				8DAF28D52253BE33000A26BD /* Debug */,
				8DAF28D62253BE33000A26BD /* Release */,
			);
			defaultConfigurationIsVisible = 0;
			defaultConfigurationName = Release;
		};
		8DAF28D72253BE33000A26BD /* Build configuration list for PBXNativeTarget "LoginDemoPDUITests" */ = {
			isa = XCConfigurationList;
			buildConfigurations = (
				8DAF28D82253BE33000A26BD /* Debug */,
				8DAF28D92253BE33000A26BD /* Release */,
			);
			defaultConfigurationIsVisible = 0;
			defaultConfigurationName = Release;
		};
/* End XCConfigurationList section */

/* Begin XCVersionGroup section */
		8DAF28B02253BE31000A26BD /* LoginDemoPD.xcdatamodeld */ = {
			isa = XCVersionGroup;
			children = (
				8DAF28B12253BE31000A26BD /* LoginDemoPD.xcdatamodel */,
			);
			currentVersion = 8DAF28B12253BE31000A26BD /* LoginDemoPD.xcdatamodel */;
			path = LoginDemoPD.xcdatamodeld;
			sourceTree = "<group>";
			versionGroupType = wrapper.xcdatamodel;
		};
/* End XCVersionGroup section */
	};
	rootObject = 8DAF289E2253BE31000A26BD /* Project object */;
}
